github.com/jgthms/bulma v0.0.0-20200306161230-35770d1f413a h1:GekJqp3GiOWhMjqhkoOdO5asKAxnnv7Y9pOFyqmqi64=
github.com/jgthms/bulma v0.0.0-20200306161230-35770d1f413a/go.mod h1:89FLBKXYFKfOKAoDeUT26V0pHGwzr205cMXAEqtAVOI=
github.com/matcornic/hugo-theme-learn v0.0.0-20200201231428-41c6cc522f13 h1:nmXsSnpyQyhTxzzmCdMpZqWrA6I9pB0thxxIuUISc4E=
github.com/matcornic/hugo-theme-learn v0.0.0-20200201231428-41c6cc522f13/go.mod h1:YoToDcvQxmAFhpEuapKUysBDEBckqDEssqTrmeZ2+uY=
github.com/pointyfar/hmd-content v1.0.2 h1:ytbFN9QxL33Y/AVOTpIeiDRsKPD+IWAK50P3JqMWMN4=
github.com/pointyfar/hmd-content v1.0.2/go.mod h1:zV1M9tXLe+8GM2yT1pFaHnYfAf7IViS4skf72ac3/sA=
github.com/pointyfar/hugo-debug-drawer v0.0.0-20200308042721-6daba7aac4a4 h1:/qWSUCNbkqsqaLl90uUwA7kFGnfs67GHYX+ELdUhA4M=
github.com/pointyfar/hugo-debug-drawer v0.0.0-20200308042721-6daba7aac4a4/go.mod h1:wA59J5AvQzjEBGlkV5pwYsc/G+3H5svmtl6751AuVxg=
github.com/pointyfar/hugo-debug-drawer v0.0.0-20200308073449-22dcc10974b8 h1:4VdA422sxxvaBIyf9DSvl8GuK7G60d2ZHe964qH5hFk=
github.com/pointyfar/hugo-debug-drawer v0.0.0-20200308073449-22dcc10974b8/go.mod h1:wA59J5AvQzjEBGlkV5pwYsc/G+3H5svmtl6751AuVxg=
github.com/yihui/hugo-xmin v0.0.0-20190816180901-982dfb320e8a h1:o4jOLinrqSYlWmZO6WThxFDRKyBJC6ZB28kH0WYMt3I=
github.com/yihui/hugo-xmin v0.0.0-20190816180901-982dfb320e8a/go.mod h1:RiCR4psTF4iydlh4bR9BijKIHmivp7IeBaokx0CvzRA=
